Microsoft Visual Studio Solution File, Format Version 12.00
# Visual Studio Version 17
VisualStudioVersion = 17.5.2.0
MinimumVisualStudioVersion = 10.0.40219.1
Project("{FAE04EC0-301F-11D3-BF4B-00C04F79EFBC}") = "AlloyDemo", "AlloyDemo\AlloyDemo.csproj", "{42183C36-0470-3C23-7058-BC3BC387702B}"
EndProject
Global
	GlobalSection(SolutionConfigurationPlatforms) = preSolution
		Debug|Any CPU = Debug|Any CPU
		Release|Any CPU = Release|Any CPU
	EndGlobalSection
	GlobalSection(ProjectConfigurationPlatforms) = postSolution
		{42183C36-0470-3C23-7058-BC3BC387702B}.Debug|Any CPU.ActiveCfg = Debug|Any CPU
		{42183C36-0470-3C23-7058-BC3BC387702B}.Debug|Any CPU.Build.0 = Debug|Any CPU
		{42183C36-0470-3C23-7058-BC3BC387702B}.Release|Any CPU.ActiveCfg = Release|Any CPU
		{42183C36-0470-3C23-7058-BC3BC387702B}.Release|Any CPU.Build.0 = Release|Any CPU
	EndGlobalSection
	GlobalSection(SolutionProperties) = preSolution
		HideSolutionNode = FALSE
	EndGlobalSection
	GlobalSection(ExtensibilityGlobals) = postSolution
		SolutionGuid = {F0E92A92-44A4-485F-B221-724CB7175FF3}
	EndGlobalSection
EndGlobal
